
Microsoft Visual Studio Solution File, Format Version 12.00
# Visual Studio Version 16
VisualStudioVersion = 16.0.29911.84
MinimumVisualStudioVersion = 10.0.40219.1
Project("{FAE04EC0-301F-11D3-BF4B-00C04F79EFBC}") = "MessagesSender", "MessagesSender\MessagesSender.csproj", "{949F62BE-5B86-4371-9FBC-4C5670B8630E}"
EndProject
Global
	GlobalSection(SolutionConfigurationPlatforms) = preSolution
		Debug|Any CPU = Debug|Any CPU
		Release|Any CPU = Release|Any CPU
	EndGlobalSection
	GlobalSection(ProjectConfigurationPlatforms) = postSolution
		{949F62BE-5B86-4371-9FBC-4C5670B8630E}.Debug|Any CPU.ActiveCfg = Debug|Any CPU
		{949F62BE-5B86-4371-9FBC-4C5670B8630E}.Debug|Any CPU.Build.0 = Debug|Any CPU
		{949F62BE-5B86-4371-9FBC-4C5670B8630E}.Release|Any CPU.ActiveCfg = Release|Any CPU
		{949F62BE-5B86-4371-9FBC-4C5670B8630E}.Release|Any CPU.Build.0 = Release|Any CPU
	EndGlobalSection
	GlobalSection(SolutionProperties) = preSolution
		HideSolutionNode = FALSE
	EndGlobalSection
	GlobalSection(ExtensibilityGlobals) = postSolution
		SolutionGuid = {835F1960-A8E1-4B50-82C1-C0E6AF3C5DBF}
	EndGlobalSection
EndGlobal
